// !$*UTF8*$!
{
	archiveVersion = 1;
	classes = {
	};
	objectVersion = 56;
	objects = {

/* Begin PBXBuildFile section */
		E8F9D49E29E4BBD500D1ECEE /* ProductivityApp.swift in Sources */ = {isa = PBXBuildFile; fileRef = E8F9D49D29E4BBD500D1ECEE /* ProductivityApp.swift */; };
		E8F9D4A029E4BBD500D1ECEE /* ContentView.swift in Sources */ = {isa = PBXBuildFile; fileRef = E8F9D49F29E4BBD500D1ECEE /* ContentView.swift */; };
		E8F9D4A229E4BBD700D1ECEE /* Assets.xcassets in Resources */ = {isa = PBXBuildFile; fileRef = E8F9D4A129E4BBD700D1ECEE /* Assets.xcassets */; };
		E8F9D4A529E4BBD700D1ECEE /* Preview Assets.xcassets in Resources */ = {isa = PBXBuildFile; fileRef = E8F9D4A429E4BBD700D1ECEE /* Preview Assets.xcassets */; };
		E8F9D4B029E4BBD700D1ECEE /* ProductivityTests.swift in Sources */ = {isa = PBXBuildFile; fileRef = E8F9D4AF29E4BBD700D1ECEE /* ProductivityTests.swift */; };
		E8F9D4BA29E4BBD700D1ECEE /* ProductivityUITests.swift in Sources */ = {isa = PBXBuildFile; fileRef = E8F9D4B929E4BBD700D1ECEE /* ProductivityUITests.swift */; };
		E8F9D4BC29E4BBD700D1ECEE /* ProductivityUITestsLaunchTests.swift in Sources */ = {isa = PBXBuildFile; fileRef = E8F9D4BB29E4BBD700D1ECEE /* ProductivityUITestsLaunchTests.swift */; };
/* End PBXBuildFile section */

/* Begin PBXContainerItemProxy section */
		E8F9D4AC29E4BBD700D1ECEE /* PBXContainerItemProxy */ = {
			isa = PBXContainerItemProxy;
			containerPortal = E8F9D49229E4BBD500D1ECEE /* Project object */;
			proxyType = 1;
			remoteGlobalIDString = E8F9D49929E4BBD500D1ECEE;
			remoteInfo = Productivity;
		};
		E8F9D4B629E4BBD700D1ECEE /* PBXContainerItemProxy */ = {
			isa = PBXContainerItemProxy;
			containerPortal = E8F9D49229E4BBD500D1ECEE /* Project object */;
			proxyType = 1;
			remoteGlobalIDString = E8F9D49929E4BBD500D1ECEE;
			remoteInfo = Productivity;
		};
/* End PBXContainerItemProxy section */

/* Begin PBXFileReference section */
		E8F9D49A29E4BBD500D1ECEE /* Productivity.app */ = {isa = PBXFileReference; explicitFileType = wrapper.application; includeInIndex = 0; path = Productivity.app; sourceTree = BUILT_PRODUCTS_DIR; };
		E8F9D49D29E4BBD500D1ECEE /* ProductivityApp.swift */ = {isa = PBXFileReference; lastKnownFileType = sourcecode.swift; path = ProductivityApp.swift; sourceTree = "<group>"; };
		E8F9D49F29E4BBD500D1ECEE /* ContentView.swift */ = {isa = PBXFileReference; lastKnownFileType = sourcecode.swift; path = ContentView.swift; sourceTree = "<group>"; };
		E8F9D4A129E4BBD700D1ECEE /* Assets.xcassets */ = {isa = PBXFileReference; lastKnownFileType = folder.assetcatalog; path = Assets.xcassets; sourceTree = "<group>"; };
		E8F9D4A429E4BBD700D1ECEE /* Preview Assets.xcassets */ = {isa = PBXFileReference; lastKnownFileType = folder.assetcatalog; path = "Preview Assets.xcassets"; sourceTree = "<group>"; };
		E8F9D4A629E4BBD700D1ECEE /* Productivity.entitlements */ = {isa = PBXFileReference; lastKnownFileType = text.plist.entitlements; path = Productivity.entitlements; sourceTree = "<group>"; };
		E8F9D4AB29E4BBD700D1ECEE /* ProductivityTests.xctest */ = {isa = PBXFileReference; explicitFileType = wrapper.cfbundle; includeInIndex = 0; path = ProductivityTests.xctest; sourceTree = BUILT_PRODUCTS_DIR; };
		E8F9D4AF29E4BBD700D1ECEE /* ProductivityTests.swift */ = {isa = PBXFileReference; lastKnownFileType = sourcecode.swift; path = ProductivityTests.swift; sourceTree = "<group>"; };
		E8F9D4B529E4BBD700D1ECEE /* ProductivityUITests.xctest */ = {isa = PBXFileReference; explicitFileType = wrapper.cfbundle; includeInIndex = 0; path = ProductivityUITests.xctest; sourceTree = BUILT_PRODUCTS_DIR; };
		E8F9D4B929E4BBD700D1ECEE /* ProductivityUITests.swift */ = {isa = PBXFileReference; lastKnownFileType = sourcecode.swift; path = ProductivityUITests.swift; sourceTree = "<group>"; };
		E8F9D4BB29E4BBD700D1ECEE /* ProductivityUITestsLaunchTests.swift */ = {isa = PBXFileReference; lastKnownFileType = sourcecode.swift; path = ProductivityUITestsLaunchTests.swift; sourceTree = "<group>"; };
/* End PBXFileReference section */

/* Begin PBXFrameworksBuildPhase section */
		E8F9D49729E4BBD500D1ECEE /* Frameworks */ = {
			isa = PBXFrameworksBuildPhase;
			buildActionMask = 2147483647;
			files = (
			);
			runOnlyForDeploymentPostprocessing = 0;
		};
		E8F9D4A829E4BBD700D1ECEE /* Frameworks */ = {
			isa = PBXFrameworksBuildPhase;
			buildActionMask = 2147483647;
			files = (
			);
			runOnlyForDeploymentPostprocessing = 0;
		};
		E8F9D4B229E4BBD700D1ECEE /* Frameworks */ = {
			isa = PBXFrameworksBuildPhase;
			buildActionMask = 2147483647;
			files = (
			);
			runOnlyForDeploymentPostprocessing = 0;
		};
/* End PBXFrameworksBuildPhase section */

/* Begin PBXGroup section */
		E8F9D49129E4BBD500D1ECEE = {
			isa = PBXGroup;
			children = (
				E8F9D49C29E4BBD500D1ECEE /* Productivity */,
				E8F9D4AE29E4BBD700D1ECEE /* ProductivityTests */,
				E8F9D4B829E4BBD700D1ECEE /* ProductivityUITests */,
				E8F9D49B29E4BBD500D1ECEE /* Products */,
			);
			sourceTree = "<group>";
		};
		E8F9D49B29E4BBD500D1ECEE /* Products */ = {
			isa = PBXGroup;
			children = (
				E8F9D49A29E4BBD500D1ECEE /* Productivity.app */,
				E8F9D4AB29E4BBD700D1ECEE /* ProductivityTests.xctest */,
				E8F9D4B529E4BBD700D1ECEE /* ProductivityUITests.xctest */,
			);
			name = Products;
			sourceTree = "<group>";
		};
		E8F9D49C29E4BBD500D1ECEE /* Productivity */ = {
			isa = PBXGroup;
			children = (
				E8F9D49D29E4BBD500D1ECEE /* ProductivityApp.swift */,
				E8F9D49F29E4BBD500D1ECEE /* ContentView.swift */,
				E8F9D4A129E4BBD700D1ECEE /* Assets.xcassets */,
				E8F9D4A629E4BBD700D1ECEE /* Productivity.entitlements */,
				E8F9D4A329E4BBD700D1ECEE /* Preview Content */,
			);
			path = Productivity;
			sourceTree = "<group>";
		};
		E8F9D4A329E4BBD700D1ECEE /* Preview Content */ = {
			isa = PBXGroup;
			children = (
				E8F9D4A429E4BBD700D1ECEE /* Preview Assets.xcassets */,
			);
			path = "Preview Content";
			sourceTree = "<group>";
		};
		E8F9D4AE29E4BBD700D1ECEE /* ProductivityTests */ = {
			isa = PBXGroup;
			children = (
				E8F9D4AF29E4BBD700D1ECEE /* ProductivityTests.swift */,
			);
			path = ProductivityTests;
			sourceTree = "<group>";
		};
		E8F9D4B829E4BBD700D1ECEE /* ProductivityUITests */ = {
			isa = PBXGroup;
			children = (
				E8F9D4B929E4BBD700D1ECEE /* ProductivityUITests.swift */,
				E8F9D4BB29E4BBD700D1ECEE /* ProductivityUITestsLaunchTests.swift */,
			);
			path = ProductivityUITests;
			sourceTree = "<group>";
		};
/* End PBXGroup section */

/* Begin PBXNativeTarget section */
		E8F9D49929E4BBD500D1ECEE /* Productivity */ = {
			isa = PBXNativeTarget;
			buildConfigurationList = E8F9D4BF29E4BBD700D1ECEE /* Build configuration list for PBXNativeTarget "Productivity" */;
			buildPhases = (
				E8F9D49629E4BBD500D1ECEE /* Sources */,
				E8F9D49729E4BBD500D1ECEE /* Frameworks */,
				E8F9D49829E4BBD500D1ECEE /* Resources */,
			);
			buildRules = (
			);
			dependencies = (
			);
			name = Productivity;
			productName = Productivity;
			productReference = E8F9D49A29E4BBD500D1ECEE /* Productivity.app */;
			productType = "com.apple.product-type.application";
		};
		E8F9D4AA29E4BBD700D1ECEE /* ProductivityTests */ = {
			isa = PBXNativeTarget;
			buildConfigurationList = E8F9D4C229E4BBD700D1ECEE /* Build configuration list for PBXNativeTarget "ProductivityTests" */;
			buildPhases = (
				E8F9D4A729E4BBD700D1ECEE /* Sources */,
				E8F9D4A829E4BBD700D1ECEE /* Frameworks */,
				E8F9D4A929E4BBD700D1ECEE /* Resources */,
			);
			buildRules = (
			);
			dependencies = (
				E8F9D4AD29E4BBD700D1ECEE /* PBXTargetDependency */,
			);
			name = ProductivityTests;
			productName = ProductivityTests;
			productReference = E8F9D4AB29E4BBD700D1ECEE /* ProductivityTests.xctest */;
			productType = "com.apple.product-type.bundle.unit-test";
		};
		E8F9D4B429E4BBD700D1ECEE /* ProductivityUITests */ = {
			isa = PBXNativeTarget;
			buildConfigurationList = E8F9D4C529E4BBD700D1ECEE /* Build configuration list for PBXNativeTarget "ProductivityUITests" */;
			buildPhases = (
				E8F9D4B129E4BBD700D1ECEE /* Sources */,
				E8F9D4B229E4BBD700D1ECEE /* Frameworks */,
				E8F9D4B329E4BBD700D1ECEE /* Resources */,
			);
			buildRules = (
			);
			dependencies = (
				E8F9D4B729E4BBD700D1ECEE /* PBXTargetDependency */,
			);
			name = ProductivityUITests;
			productName = ProductivityUITests;
			productReference = E8F9D4B529E4BBD700D1ECEE /* ProductivityUITests.xctest */;
			productType = "com.apple.product-type.bundle.ui-testing";
		};
/* End PBXNativeTarget section */

/* Begin PBXProject section */
		E8F9D49229E4BBD500D1ECEE /* Project object */ = {
			isa = PBXProject;
			attributes = {
				BuildIndependentTargetsInParallel = 1;
				LastSwiftUpdateCheck = 1410;
				LastUpgradeCheck = 1410;
				TargetAttributes = {
					E8F9D49929E4BBD500D1ECEE = {
						CreatedOnToolsVersion = 14.1;
					};
					E8F9D4AA29E4BBD700D1ECEE = {
						CreatedOnToolsVersion = 14.1;
						TestTargetID = E8F9D49929E4BBD500D1ECEE;
					};
					E8F9D4B429E4BBD700D1ECEE = {
						CreatedOnToolsVersion = 14.1;
						TestTargetID = E8F9D49929E4BBD500D1ECEE;
					};
				};
			};
			buildConfigurationList = E8F9D49529E4BBD500D1ECEE /* Build configuration list for PBXProject "Productivity" */;
			compatibilityVersion = "Xcode 14.0";
			developmentRegion = en;
			hasScannedForEncodings = 0;
			knownRegions = (
				en,
				Base,
			);
			mainGroup = E8F9D49129E4BBD500D1ECEE;
			productRefGroup = E8F9D49B29E4BBD500D1ECEE /* Products */;
			projectDirPath = "";
			projectRoot = "";
			targets = (
				E8F9D49929E4BBD500D1ECEE /* Productivity */,
				E8F9D4AA29E4BBD700D1ECEE /* ProductivityTests */,
				E8F9D4B429E4BBD700D1ECEE /* ProductivityUITests */,
			);
		};
/* End PBXProject section */

/* Begin PBXResourcesBuildPhase section */
		E8F9D49829E4BBD500D1ECEE /* Resources */ = {
			isa = PBXResourcesBuildPhase;
			buildActionMask = 2147483647;
			files = (
				E8F9D4A529E4BBD700D1ECEE /* Preview Assets.xcassets in Resources */,
				E8F9D4A229E4BBD700D1ECEE /* Assets.xcassets in Resources */,
			);
			runOnlyForDeploymentPostprocessing = 0;
		};
		E8F9D4A929E4BBD700D1ECEE /* Resources */ = {
			isa = PBXResourcesBuildPhase;
			buildActionMask = 2147483647;
			files = (
			);
			runOnlyForDeploymentPostprocessing = 0;
		};
		E8F9D4B329E4BBD700D1ECEE /* Resources */ = {
			isa = PBXResourcesBuildPhase;
			buildActionMask = 2147483647;
			files = (
			);
			runOnlyForDeploymentPostprocessing = 0;
		};
/* End PBXResourcesBuildPhase section */

/* Begin PBXSourcesBuildPhase section */
		E8F9D49629E4BBD500D1ECEE /* Sources */ = {
			isa = PBXSourcesBuildPhase;
			buildActionMask = 2147483647;
			files = (
				E8F9D4A029E4BBD500D1ECEE /* ContentView.swift in Sources */,
				E8F9D49E29E4BBD500D1ECEE /* ProductivityApp.swift in Sources */,
			);
			runOnlyForDeploymentPostprocessing = 0;
		};
		E8F9D4A729E4BBD700D1ECEE /* Sources */ = {
			isa = PBXSourcesBuildPhase;
			buildActionMask = 2147483647;
			files = (
				E8F9D4B029E4BBD700D1ECEE /* ProductivityTests.swift in Sources */,
			);
			runOnlyForDeploymentPostprocessing = 0;
		};
		E8F9D4B129E4BBD700D1ECEE /* Sources */ = {
			isa = PBXSourcesBuildPhase;
			buildActionMask = 2147483647;
			files = (
				E8F9D4BC29E4BBD700D1ECEE /* ProductivityUITestsLaunchTests.swift in Sources */,
				E8F9D4BA29E4BBD700D1ECEE /* ProductivityUITests.swift in Sources */,
			);
			runOnlyForDeploymentPostprocessing = 0;
		};
/* End PBXSourcesBuildPhase section */

/* Begin PBXTargetDependency section */
		E8F9D4AD29E4BBD700D1ECEE /* PBXTargetDependency */ = {
			isa = PBXTargetDependency;
			target = E8F9D49929E4BBD500D1ECEE /* Productivity */;
			targetProxy = E8F9D4AC29E4BBD700D1ECEE /* PBXContainerItemProxy */;
		};
		E8F9D4B729E4BBD700D1ECEE /* PBXTargetDependency */ = {
			isa = PBXTargetDependency;
			target = E8F9D49929E4BBD500D1ECEE /* Productivity */;
			targetProxy = E8F9D4B629E4BBD700D1ECEE /* PBXContainerItemProxy */;
		};
/* End PBXTargetDependency section */

/* Begin XCBuildConfiguration section */
		E8F9D4BD29E4BBD700D1ECEE /* Debug */ = {
			isa = XCBuildConfiguration;
			buildSettings = {
				ALWAYS_SEARCH_USER_PATHS = NO;
				CLANG_ANALYZER_NONNULL = YES;
				CLANG_ANALYZER_NUMBER_OBJECT_CONVERSION = YES_AGGRESSIVE;
				CLANG_CXX_LANGUAGE_STANDARD = "gnu++20";
				CLANG_ENABLE_MODULES = YES;
				CLANG_ENABLE_OBJC_ARC = YES;
				CLANG_ENABLE_OBJC_WEAK = YES;
				CLANG_WARN_BLOCK_CAPTURE_AUTORELEASING = YES;
				CLANG_WARN_BOOL_CONVERSION = YES;
				CLANG_WARN_COMMA = YES;
				CLANG_WARN_CONSTANT_CONVERSION = YES;
				CLANG_WARN_DEPRECATED_OBJC_IMPLEMENTATIONS = YES;
				CLANG_WARN_DIRECT_OBJC_ISA_USAGE = YES_ERROR;
				CLANG_WARN_DOCUMENTATION_COMMENTS = YES;
				CLANG_WARN_EMPTY_BODY = YES;
				CLANG_WARN_ENUM_CONVERSION = YES;
				CLANG_WARN_INFINITE_RECURSION = YES;
				CLANG_WARN_INT_CONVERSION = YES;
				CLANG_WARN_NON_LITERAL_NULL_CONVERSION = YES;
				CLANG_WARN_OBJC_IMPLICIT_RETAIN_SELF = YES;
				CLANG_WARN_OBJC_LITERAL_CONVERSION = YES;
				CLANG_WARN_OBJC_ROOT_CLASS = YES_ERROR;
				CLANG_WARN_QUOTED_INCLUDE_IN_FRAMEWORK_HEADER = YES;
				CLANG_WARN_RANGE_LOOP_ANALYSIS = YES;
				CLANG_WARN_STRICT_PROTOTYPES = YES;
				CLANG_WARN_SUSPICIOUS_MOVE = YES;
				CLANG_WARN_UNGUARDED_AVAILABILITY = YES_AGGRESSIVE;
				CLANG_WARN_UNREACHABLE_CODE = YES;
				CLANG_WARN__DUPLICATE_METHOD_MATCH = YES;
				COPY_PHASE_STRIP = NO;
				DEBUG_INFORMATION_FORMAT = dwarf;
				ENABLE_STRICT_OBJC_MSGSEND = YES;
				ENABLE_TESTABILITY = YES;
				GCC_C_LANGUAGE_STANDARD = gnu11;
				GCC_DYNAMIC_NO_PIC = NO;
				GCC_NO_COMMON_BLOCKS = YES;
				GCC_OPTIMIZATION_LEVEL = 0;
				GCC_PREPROCESSOR_DEFINITIONS = (
					"DEBUG=1",
					"$(inherited)",
				);
				GCC_WARN_64_TO_32_BIT_CONVERSION = YES;
				GCC_WARN_ABOUT_RETURN_TYPE = YES_ERROR;
				GCC_WARN_UNDECLARED_SELECTOR = YES;
				GCC_WARN_UNINITIALIZED_AUTOS = YES_AGGRESSIVE;
				GCC_WARN_UNUSED_FUNCTION = YES;
				GCC_WARN_UNUSED_VARIABLE = YES;
				MACOSX_DEPLOYMENT_TARGET = 13.0;
				MTL_ENABLE_DEBUG_INFO = INCLUDE_SOURCE;
				MTL_FAST_MATH = YES;
				ONLY_ACTIVE_ARCH = YES;
				SDKROOT = macosx;
				SWIFT_ACTIVE_COMPILATION_CONDITIONS = DEBUG;
				SWIFT_OPTIMIZATION_LEVEL = "-Onone";
			};
			name = Debug;
		};
		E8F9D4BE29E4BBD700D1ECEE /* Release */ = {
			isa = XCBuildConfiguration;
			buildSettings = {
				ALWAYS_SEARCH_USER_PATHS = NO;
				CLANG_ANALYZER_NONNULL = YES;
				CLANG_ANALYZER_NUMBER_OBJECT_CONVERSION = YES_AGGRESSIVE;
				CLANG_CXX_LANGUAGE_STANDARD = "gnu++20";
				CLANG_ENABLE_MODULES = YES;
				CLANG_ENABLE_OBJC_ARC = YES;
				CLANG_ENABLE_OBJC_WEAK = YES;
				CLANG_WARN_BLOCK_CAPTURE_AUTORELEASING = YES;
				CLANG_WARN_BOOL_CONVERSION = YES;
				CLANG_WARN_COMMA = YES;
				CLANG_WARN_CONSTANT_CONVERSION = YES;
				CLANG_WARN_DEPRECATED_OBJC_IMPLEMENTATIONS = YES;
				CLANG_WARN_DIRECT_OBJC_ISA_USAGE = YES_ERROR;
				CLANG_WARN_DOCUMENTATION_COMMENTS = YES;
				CLANG_WARN_EMPTY_BODY = YES;
				CLANG_WARN_ENUM_CONVERSION = YES;
				CLANG_WARN_INFINITE_RECURSION = YES;
				CLANG_WARN_INT_CONVERSION = YES;
				CLANG_WARN_NON_LITERAL_NULL_CONVERSION = YES;
				CLANG_WARN_OBJC_IMPLICIT_RETAIN_SELF = YES;
				CLANG_WARN_OBJC_LITERAL_CONVERSION = YES;
				CLANG_WARN_OBJC_ROOT_CLASS = YES_ERROR;
				CLANG_WARN_QUOTED_INCLUDE_IN_FRAMEWORK_HEADER = YES;
				CLANG_WARN_RANGE_LOOP_ANALYSIS = YES;
				CLANG_WARN_STRICT_PROTOTYPES = YES;
				CLANG_WARN_SUSPICIOUS_MOVE = YES;
				CLANG_WARN_UNGUARDED_AVAILABILITY = YES_AGGRESSIVE;
				CLANG_WARN_UNREACHABLE_CODE = YES;
				CLANG_WARN__DUPLICATE_METHOD_MATCH = YES;
				COPY_PHASE_STRIP = NO;
				DEBUG_INFORMATION_FORMAT = "dwarf-with-dsym";
				ENABLE_NS_ASSERTIONS = NO;
				ENABLE_STRICT_OBJC_MSGSEND = YES;
				GCC_C_LANGUAGE_STANDARD = gnu11;
				GCC_NO_COMMON_BLOCKS = YES;
				GCC_WARN_64_TO_32_BIT_CONVERSION = YES;
				GCC_WARN_ABOUT_RETURN_TYPE = YES_ERROR;
				GCC_WARN_UNDECLARED_SELECTOR = YES;
				GCC_WARN_UNINITIALIZED_AUTOS = YES_AGGRESSIVE;
				GCC_WARN_UNUSED_FUNCTION = YES;
				GCC_WARN_UNUSED_VARIABLE = YES;
				MACOSX_DEPLOYMENT_TARGET = 13.0;
				MTL_ENABLE_DEBUG_INFO = NO;
				MTL_FAST_MATH = YES;
				SDKROOT = macosx;
				SWIFT_COMPILATION_MODE = wholemodule;
				SWIFT_OPTIMIZATION_LEVEL = "-O";
			};
			name = Release;
		};
		E8F9D4C029E4BBD700D1ECEE /* Debug */ = {
			isa = XCBuildConfiguration;
			buildSettings = {
				ASSETCATALOG_COMPILER_APPICON_NAME = AppIcon;
				ASSETCATALOG_COMPILER_GLOBAL_ACCENT_COLOR_NAME = AccentColor;
				CODE_SIGN_ENTITLEMENTS = Productivity/Productivity.entitlements;
				CODE_SIGN_STYLE = Automatic;
				COMBINE_HIDPI_IMAGES = YES;
				CURRENT_PROJECT_VERSION = 1;
				DEVELOPMENT_ASSET_PATHS = "\"Productivity/Preview Content\"";
				ENABLE_PREVIEWS = YES;
				GENERATE_INFOPLIST_FILE = YES;
				INFOPLIST_KEY_NSHumanReadableCopyright = "";
				LD_RUNPATH_SEARCH_PATHS = (
					"$(inherited)",
					"@executable_path/../Frameworks",
				);
				MARKETING_VERSION = 1.0;
				PRODUCT_BUNDLE_IDENTIFIER = schmarvin.Productivity;
				PRODUCT_NAME = "$(TARGET_NAME)";
				SWIFT_EMIT_LOC_STRINGS = YES;
				SWIFT_VERSION = 5.0;
			};
			name = Debug;
		};
		E8F9D4C129E4BBD700D1ECEE /* Release */ = {
			isa = XCBuildConfiguration;
			buildSettings = {
				ASSETCATALOG_COMPILER_APPICON_NAME = AppIcon;
				ASSETCATALOG_COMPILER_GLOBAL_ACCENT_COLOR_NAME = AccentColor;
				CODE_SIGN_ENTITLEMENTS = Productivity/Productivity.entitlements;
				CODE_SIGN_STYLE = Automatic;
				COMBINE_HIDPI_IMAGES = YES;
				CURRENT_PROJECT_VERSION = 1;
				DEVELOPMENT_ASSET_PATHS = "\"Productivity/Preview Content\"";
				ENABLE_PREVIEWS = YES;
				GENERATE_INFOPLIST_FILE = YES;
				INFOPLIST_KEY_NSHumanReadableCopyright = "";
				LD_RUNPATH_SEARCH_PATHS = (
					"$(inherited)",
					"@executable_path/../Frameworks",
				);
				MARKETING_VERSION = 1.0;
				PRODUCT_BUNDLE_IDENTIFIER = schmarvin.Productivity;
				PRODUCT_NAME = "$(TARGET_NAME)";
				SWIFT_EMIT_LOC_STRINGS = YES;
				SWIFT_VERSION = 5.0;
			};
			name = Release;
		};
		E8F9D4C329E4BBD700D1ECEE /* Debug */ = {
			isa = XCBuildConfiguration;
			buildSettings = {
				ALWAYS_EMBED_SWIFT_STANDARD_LIBRARIES = YES;
				BUNDLE_LOADER = "$(TEST_HOST)";
				CODE_SIGN_STYLE = Automatic;
				CURRENT_PROJECT_VERSION = 1;
				GENERATE_INFOPLIST_FILE = YES;
				MACOSX_DEPLOYMENT_TARGET = 13.0;
				MARKETING_VERSION = 1.0;
				PRODUCT_BUNDLE_IDENTIFIER = schmarvin.ProductivityTests;
				PRODUCT_NAME = "$(TARGET_NAME)";
				SWIFT_EMIT_LOC_STRINGS = NO;
				SWIFT_VERSION = 5.0;
				TEST_HOST = "$(BUILT_PRODUCTS_DIR)/Productivity.app/$(BUNDLE_EXECUTABLE_FOLDER_PATH)/Productivity";
			};
			name = Debug;
		};
		E8F9D4C429E4BBD700D1ECEE /* Release */ = {
			isa = XCBuildConfiguration;
			buildSettings = {
				ALWAYS_EMBED_SWIFT_STANDARD_LIBRARIES = YES;
				BUNDLE_LOADER = "$(TEST_HOST)";
				CODE_SIGN_STYLE = Automatic;
				CURRENT_PROJECT_VERSION = 1;
				GENERATE_INFOPLIST_FILE = YES;
				MACOSX_DEPLOYMENT_TARGET = 13.0;
				MARKETING_VERSION = 1.0;
				PRODUCT_BUNDLE_IDENTIFIER = schmarvin.ProductivityTests;
				PRODUCT_NAME = "$(TARGET_NAME)";
				SWIFT_EMIT_LOC_STRINGS = NO;
				SWIFT_VERSION = 5.0;
				TEST_HOST = "$(BUILT_PRODUCTS_DIR)/Productivity.app/$(BUNDLE_EXECUTABLE_FOLDER_PATH)/Productivity";
			};
			name = Release;
		};
		E8F9D4C629E4BBD700D1ECEE /* Debug */ = {
			isa = XCBuildConfiguration;
			buildSettings = {
				ALWAYS_EMBED_SWIFT_STANDARD_LIBRARIES = YES;
				CODE_SIGN_STYLE = Automatic;
				CURRENT_PROJECT_VERSION = 1;
				GENERATE_INFOPLIST_FILE = YES;
				MARKETING_VERSION = 1.0;
				PRODUCT_BUNDLE_IDENTIFIER = schmarvin.ProductivityUITests;
				PRODUCT_NAME = "$(TARGET_NAME)";
				SWIFT_EMIT_LOC_STRINGS = NO;
				SWIFT_VERSION = 5.0;
				TEST_TARGET_NAME = Productivity;
			};
			name = Debug;
		};
		E8F9D4C729E4BBD700D1ECEE /* Release */ = {
			isa = XCBuildConfiguration;
			buildSettings = {
				ALWAYS_EMBED_SWIFT_STANDARD_LIBRARIES = YES;
				CODE_SIGN_STYLE = Automatic;
				CURRENT_PROJECT_VERSION = 1;
				GENERATE_INFOPLIST_FILE = YES;
				MARKETING_VERSION = 1.0;
				PRODUCT_BUNDLE_IDENTIFIER = schmarvin.ProductivityUITests;
				PRODUCT_NAME = "$(TARGET_NAME)";
				SWIFT_EMIT_LOC_STRINGS = NO;
				SWIFT_VERSION = 5.0;
				TEST_TARGET_NAME = Productivity;
			};
			name = Release;
		};
/* End XCBuildConfiguration section */

/* Begin XCConfigurationList section */
		E8F9D49529E4BBD500D1ECEE /* Build configuration list for PBXProject "Productivity" */ = {
			isa = XCConfigurationList;
			buildConfigurations = (
				E8F9D4BD29E4BBD700D1ECEE /* Debug */,
				E8F9D4BE29E4BBD700D1ECEE /* Release */,
			);
			defaultConfigurationIsVisible = 0;
			defaultConfigurationName = Release;
		};
		E8F9D4BF29E4BBD700D1ECEE /* Build configuration list for PBXNativeTarget "Productivity" */ = {
			isa = XCConfigurationList;
			buildConfigurations = (
				E8F9D4C029E4BBD700D1ECEE /* Debug */,
				E8F9D4C129E4BBD700D1ECEE /* Release */,
			);
			defaultConfigurationIsVisible = 0;
			defaultConfigurationName = Release;
		};
		E8F9D4C229E4BBD700D1ECEE /* Build configuration list for PBXNativeTarget "ProductivityTests" */ = {
			isa = XCConfigurationList;
			buildConfigurations = (
				E8F9D4C329E4BBD700D1ECEE /* Debug */,
				E8F9D4C429E4BBD700D1ECEE /* Release */,
			);
			defaultConfigurationIsVisible = 0;
			defaultConfigurationName = Release;
		};
		E8F9D4C529E4BBD700D1ECEE /* Build configuration list for PBXNativeTarget "ProductivityUITests" */ = {
			isa = XCConfigurationList;
			buildConfigurations = (
				E8F9D4C629E4BBD700D1ECEE /* Debug */,
				E8F9D4C729E4BBD700D1ECEE /* Release */,
			);
			defaultConfigurationIsVisible = 0;
			defaultConfigurationName = Release;
		};
/* End XCConfigurationList section */
	};
	rootObject = E8F9D49229E4BBD500D1ECEE /* Project object */;
}
